
Microsoft Visual Studio Solution File, Format Version 12.00
# Visual Studio 15
VisualStudioVersion = 15.0.27703.2047
MinimumVisualStudioVersion = 10.0.40219.1
Project("{9A19103F-16F7-4668-BE54-9A1E7A4F7556}") = "Yikes001", "Yikes001\Yikes001.csproj", "{50B40504-CB67-4762-A453-3B6CEA2289C3}"
EndProject
Project("{FAE04EC0-301F-11D3-BF4B-00C04F79EFBC}") = "NetworkWarsServiceFunction", "NetworkWarsServiceFunction\NetworkWarsServiceFunction.csproj", "{C52D7C08-11CD-4F9D-94D0-7A47E9C6A587}"
EndProject
Project("{00D1A9C2-B5F0-4AF3-8072-F6C62B433612}") = "NetworkWarsDB", "NetworkWarsDB\NetworkWarsDB.sqlproj", "{1481739B-2D83-429D-BC17-24F6E980A5FB}"
EndProject
Global
	GlobalSection(SolutionConfigurationPlatforms) = preSolution
		Debug|Any CPU = Debug|Any CPU
		Release|Any CPU = Release|Any CPU
	EndGlobalSection
	GlobalSection(ProjectConfigurationPlatforms) = postSolution
		{50B40504-CB67-4762-A453-3B6CEA2289C3}.Debug|Any CPU.ActiveCfg = Debug|Any CPU
		{50B40504-CB67-4762-A453-3B6CEA2289C3}.Debug|Any CPU.Build.0 = Debug|Any CPU
		{50B40504-CB67-4762-A453-3B6CEA2289C3}.Release|Any CPU.ActiveCfg = Release|Any CPU
		{50B40504-CB67-4762-A453-3B6CEA2289C3}.Release|Any CPU.Build.0 = Release|Any CPU
		{C52D7C08-11CD-4F9D-94D0-7A47E9C6A587}.Debug|Any CPU.ActiveCfg = Debug|Any CPU
		{C52D7C08-11CD-4F9D-94D0-7A47E9C6A587}.Debug|Any CPU.Build.0 = Debug|Any CPU
		{C52D7C08-11CD-4F9D-94D0-7A47E9C6A587}.Release|Any CPU.ActiveCfg = Release|Any CPU
		{C52D7C08-11CD-4F9D-94D0-7A47E9C6A587}.Release|Any CPU.Build.0 = Release|Any CPU
		{1481739B-2D83-429D-BC17-24F6E980A5FB}.Debug|Any CPU.ActiveCfg = Debug|Any CPU
		{1481739B-2D83-429D-BC17-24F6E980A5FB}.Debug|Any CPU.Build.0 = Debug|Any CPU
		{1481739B-2D83-429D-BC17-24F6E980A5FB}.Debug|Any CPU.Deploy.0 = Debug|Any CPU
		{1481739B-2D83-429D-BC17-24F6E980A5FB}.Release|Any CPU.ActiveCfg = Release|Any CPU
		{1481739B-2D83-429D-BC17-24F6E980A5FB}.Release|Any CPU.Build.0 = Release|Any CPU
		{1481739B-2D83-429D-BC17-24F6E980A5FB}.Release|Any CPU.Deploy.0 = Release|Any CPU
	EndGlobalSection
	GlobalSection(SolutionProperties) = preSolution
		HideSolutionNode = FALSE
	EndGlobalSection
	GlobalSection(ExtensibilityGlobals) = postSolution
		SolutionGuid = {A84FB0F9-222E-4ADB-837D-260A748114A9}
	EndGlobalSection
EndGlobal
